{
  "name": "ngx-collection",
  "version": "1.0.10",
  "lockfileVersion": 2,
  "requires": true,
  "packages": {
    "": {
      "name": "ngx-collection",
      "version": "1.0.10",
      "license": "MIT",
      "devDependencies": {
        "tslib": "^2.4.1",
        "zone.js": "~0.12.0"
      },
      "peerDependencies": {
        "@angular/core": "^15.0.0",
        "@ngrx/component-store": "^15.0.0-beta.0",
        "@ngrx/effects": "^15.0.0-beta.0",
        "rxjs": "^7.5.7"
      }
    },
    "node_modules/@angular/core": {
      "version": "15.0.0",
      "resolved": "https://registry.npmjs.org/@angular/core/-/core-15.0.0.tgz",
      "integrity": "sha512-Hek8L/1XrU1LPN4qmKJiNdYz96ju/yPWvrFjqvrDHjWEenIfxjJohjRwL+ZzICZiEwfnR6y3QGvv4OBY96oTGw==",
      "peer": true,
      "dependencies": {
        "tslib": "^2.3.0"
      },
      "engines": {
        "node": "^14.20.0 || ^16.13.0 || >=18.10.0"
      },
      "peerDependencies": {
        "rxjs": "^6.5.3 || ^7.4.0",
        "zone.js": "~0.11.4 || ~0.12.0"
      }
    },
    "node_modules/@ngrx/component-store": {
      "version": "15.0.0-beta.0",
      "resolved": "https://registry.npmjs.org/@ngrx/component-store/-/component-store-15.0.0-beta.0.tgz",
      "integrity": "sha512-5LRGyxiTXCZSTJr28kCDOMLrlI2ugIeGbNQ0XYjN/tToduibvah7Kp/Efc61kuBKMs+tRMHuXZAEfCLmkfpErg==",
      "peer": true,
      "dependencies": {
        "tslib": "^2.0.0"
      },
      "peerDependencies": {
        "@angular/core": "^15.0.0-rc.0",
        "rxjs": "^6.5.3 || ^7.5.0"
      }
    },
    "node_modules/@ngrx/effects": {
      "version": "15.0.0-beta.0",
      "resolved": "https://registry.npmjs.org/@ngrx/effects/-/effects-15.0.0-beta.0.tgz",
      "integrity": "sha512-RsyRoXzET8ejtmQbIUfBjcl918pJwTj3i+H9X8uwjQ7mX6ASFUcZE0c/ysbMqbOPi3enqEUrPvAnoYgRPA5HzA==",
      "peer": true,
      "dependencies": {
        "tslib": "^2.0.0"
      },
      "peerDependencies": {
        "@angular/core": "^15.0.0-rc.0",
        "@ngrx/store": "15.0.0-beta.0",
        "rxjs": "^6.5.3 || ^7.5.0"
      }
    },
    "node_modules/@ngrx/store": {
      "version": "15.0.0-beta.0",
      "resolved": "https://registry.npmjs.org/@ngrx/store/-/store-15.0.0-beta.0.tgz",
      "integrity": "sha512-go7tDxLpVswpwVfRQhoalVF4Twlynt4NnyqQH+fC5hCtj8ObnTF1MEY3keBI8WfWeB1cW6MTvfTqnxgACJ4NvQ==",
      "peer": true,
      "dependencies": {
        "tslib": "^2.0.0"
      },
      "peerDependencies": {
        "@angular/core": "^15.0.0-rc.0",
        "rxjs": "^6.5.3 || ^7.5.0"
      }
    },
    "node_modules/rxjs": {
      "version": "7.5.7",
      "resolved": "https://registry.npmjs.org/rxjs/-/rxjs-7.5.7.tgz",
      "integrity": "sha512-z9MzKh/UcOqB3i20H6rtrlaE/CgjLOvheWK/9ILrbhROGTweAi1BaFsTT9FbwZi5Trr1qNRs+MXkhmR06awzQA==",
      "peer": true,
      "dependencies": {
        "tslib": "^2.1.0"
      }
    },
    "node_modules/tslib": {
      "version": "2.4.1",
      "resolved": "https://registry.npmjs.org/tslib/-/tslib-2.4.1.tgz",
      "integrity": "sha512-tGyy4dAjRIEwI7BzsB0lynWgOpfqjUdq91XXAlIWD2OwKBH7oCl/GZG/HT4BOHrTlPMOASlMQ7veyTqpmRcrNA=="
    },
    "node_modules/zone.js": {
      "version": "0.12.0",
      "resolved": "https://registry.npmjs.org/zone.js/-/zone.js-0.12.0.tgz",
      "integrity": "sha512-XtC+I5dXU14HrzidAKBNMqneIVUykLEAA1x+v4KVrd6AUPWlwYORF8KgsVqvgdHiKZ4BkxxjvYi/ksEixTPR0Q==",
      "dependencies": {
        "tslib": "^2.3.0"
      }
    }
  },
  "dependencies": {
    "@angular/core": {
      "version": "15.0.0",
      "resolved": "https://registry.npmjs.org/@angular/core/-/core-15.0.0.tgz",
      "integrity": "sha512-Hek8L/1XrU1LPN4qmKJiNdYz96ju/yPWvrFjqvrDHjWEenIfxjJohjRwL+ZzICZiEwfnR6y3QGvv4OBY96oTGw==",
      "peer": true,
      "requires": {
        "tslib": "^2.3.0"
      }
    },
    "@ngrx/component-store": {
      "version": "15.0.0-beta.0",
      "resolved": "https://registry.npmjs.org/@ngrx/component-store/-/component-store-15.0.0-beta.0.tgz",
      "integrity": "sha512-5LRGyxiTXCZSTJr28kCDOMLrlI2ugIeGbNQ0XYjN/tToduibvah7Kp/Efc61kuBKMs+tRMHuXZAEfCLmkfpErg==",
      "peer": true,
      "requires": {
        "tslib": "^2.0.0"
      }
    },
    "@ngrx/effects": {
      "version": "15.0.0-beta.0",
      "resolved": "https://registry.npmjs.org/@ngrx/effects/-/effects-15.0.0-beta.0.tgz",
      "integrity": "sha512-RsyRoXzET8ejtmQbIUfBjcl918pJwTj3i+H9X8uwjQ7mX6ASFUcZE0c/ysbMqbOPi3enqEUrPvAnoYgRPA5HzA==",
      "peer": true,
      "requires": {
        "tslib": "^2.0.0"
      }
    },
    "@ngrx/store": {
      "version": "15.0.0-beta.0",
      "resolved": "https://registry.npmjs.org/@ngrx/store/-/store-15.0.0-beta.0.tgz",
      "integrity": "sha512-go7tDxLpVswpwVfRQhoalVF4Twlynt4NnyqQH+fC5hCtj8ObnTF1MEY3keBI8WfWeB1cW6MTvfTqnxgACJ4NvQ==",
      "peer": true,
      "requires": {
        "tslib": "^2.0.0"
      }
    },
    "rxjs": {
      "version": "7.5.7",
      "resolved": "https://registry.npmjs.org/rxjs/-/rxjs-7.5.7.tgz",
      "integrity": "sha512-z9MzKh/UcOqB3i20H6rtrlaE/CgjLOvheWK/9ILrbhROGTweAi1BaFsTT9FbwZi5Trr1qNRs+MXkhmR06awzQA==",
      "peer": true,
      "requires": {
        "tslib": "^2.1.0"
      }
    },
    "tslib": {
      "version": "2.4.1",
      "resolved": "https://registry.npmjs.org/tslib/-/tslib-2.4.1.tgz",
      "integrity": "sha512-tGyy4dAjRIEwI7BzsB0lynWgOpfqjUdq91XXAlIWD2OwKBH7oCl/GZG/HT4BOHrTlPMOASlMQ7veyTqpmRcrNA=="
    },
    "zone.js": {
      "version": "0.12.0",
      "resolved": "https://registry.npmjs.org/zone.js/-/zone.js-0.12.0.tgz",
      "integrity": "sha512-XtC+I5dXU14HrzidAKBNMqneIVUykLEAA1x+v4KVrd6AUPWlwYORF8KgsVqvgdHiKZ4BkxxjvYi/ksEixTPR0Q==",
      "requires": {
        "tslib": "^2.3.0"
      }
    }
  }
}
